
Microsoft Visual Studio Solution File, Format Version 12.00
# Visual Studio Version 16
VisualStudioVersion = 16.0.30717.126
MinimumVisualStudioVersion = 10.0.40219.1
Project("{9A19103F-16F7-4668-BE54-9A1E7A4F7556}") = "log4net.tools", "log4net.tools\log4net.tools.csproj", "{DDECDF22-76A7-48CE-A6AC-0566FFA5D6D1}"
EndProject
Project("{9A19103F-16F7-4668-BE54-9A1E7A4F7556}") = "log4net.tools.Tests", "log4net.tools.Tests\log4net.tools.Tests.csproj", "{29540E2F-AA6D-4E43-AB9A-709E5C708707}"
EndProject
Project("{9A19103F-16F7-4668-BE54-9A1E7A4F7556}") = "log4net.tools.benchmarks", "log4net.tools.benchmarks\log4net.tools.benchmarks.csproj", "{FD856B8E-F60C-4C24-96A7-867C11FE4A49}"
EndProject
Project("{FAE04EC0-301F-11D3-BF4B-00C04F79EFBC}") = "log4net.tools.integration", "log4net.tools.integration\log4net.tools.integration.csproj", "{63D0A4A5-8EF3-41DC-9938-D1A386F1D586}"
EndProject
Global
	GlobalSection(SolutionConfigurationPlatforms) = preSolution
		Debug|Any CPU = Debug|Any CPU
		Release|Any CPU = Release|Any CPU
	EndGlobalSection
	GlobalSection(ProjectConfigurationPlatforms) = postSolution
		{DDECDF22-76A7-48CE-A6AC-0566FFA5D6D1}.Debug|Any CPU.ActiveCfg = Debug|Any CPU
		{DDECDF22-76A7-48CE-A6AC-0566FFA5D6D1}.Debug|Any CPU.Build.0 = Debug|Any CPU
		{DDECDF22-76A7-48CE-A6AC-0566FFA5D6D1}.Release|Any CPU.ActiveCfg = Release|Any CPU
		{DDECDF22-76A7-48CE-A6AC-0566FFA5D6D1}.Release|Any CPU.Build.0 = Release|Any CPU
		{29540E2F-AA6D-4E43-AB9A-709E5C708707}.Debug|Any CPU.ActiveCfg = Debug|Any CPU
		{29540E2F-AA6D-4E43-AB9A-709E5C708707}.Debug|Any CPU.Build.0 = Debug|Any CPU
		{29540E2F-AA6D-4E43-AB9A-709E5C708707}.Release|Any CPU.ActiveCfg = Release|Any CPU
		{29540E2F-AA6D-4E43-AB9A-709E5C708707}.Release|Any CPU.Build.0 = Release|Any CPU
		{FD856B8E-F60C-4C24-96A7-867C11FE4A49}.Debug|Any CPU.ActiveCfg = Debug|Any CPU
		{FD856B8E-F60C-4C24-96A7-867C11FE4A49}.Debug|Any CPU.Build.0 = Debug|Any CPU
		{FD856B8E-F60C-4C24-96A7-867C11FE4A49}.Release|Any CPU.ActiveCfg = Release|Any CPU
		{FD856B8E-F60C-4C24-96A7-867C11FE4A49}.Release|Any CPU.Build.0 = Release|Any CPU
		{63D0A4A5-8EF3-41DC-9938-D1A386F1D586}.Debug|Any CPU.ActiveCfg = Debug|Any CPU
		{63D0A4A5-8EF3-41DC-9938-D1A386F1D586}.Debug|Any CPU.Build.0 = Debug|Any CPU
		{63D0A4A5-8EF3-41DC-9938-D1A386F1D586}.Release|Any CPU.ActiveCfg = Release|Any CPU
		{63D0A4A5-8EF3-41DC-9938-D1A386F1D586}.Release|Any CPU.Build.0 = Release|Any CPU
	EndGlobalSection
	GlobalSection(SolutionProperties) = preSolution
		HideSolutionNode = FALSE
	EndGlobalSection
	GlobalSection(ExtensibilityGlobals) = postSolution
		SolutionGuid = {2F5173EF-0FE6-404B-A6E7-184A2B9A38E9}
	EndGlobalSection
EndGlobal
